
Microsoft Visual Studio Solution File, Format Version 12.00
# Visual Studio Version 17
VisualStudioVersion = 17.2.32616.157
MinimumVisualStudioVersion = 10.0.40219.1
Project("{FAE04EC0-301F-11D3-BF4B-00C04F79EFBC}") = "BookStore", "BookStore\BookStore.csproj", "{3EA89DF3-A2FB-4C2F-BBD8-E95919BEF678}"
EndProject
Global
	GlobalSection(SolutionConfigurationPlatforms) = preSolution
		Debug|Any CPU = Debug|Any CPU
		Release|Any CPU = Release|Any CPU
	EndGlobalSection
	GlobalSection(ProjectConfigurationPlatforms) = postSolution
		{3EA89DF3-A2FB-4C2F-BBD8-E95919BEF678}.Debug|Any CPU.ActiveCfg = Debug|Any CPU
		{3EA89DF3-A2FB-4C2F-BBD8-E95919BEF678}.Debug|Any CPU.Build.0 = Debug|Any CPU
		{3EA89DF3-A2FB-4C2F-BBD8-E95919BEF678}.Release|Any CPU.ActiveCfg = Release|Any CPU
		{3EA89DF3-A2FB-4C2F-BBD8-E95919BEF678}.Release|Any CPU.Build.0 = Release|Any CPU
	EndGlobalSection
	GlobalSection(SolutionProperties) = preSolution
		HideSolutionNode = FALSE
	EndGlobalSection
	GlobalSection(ExtensibilityGlobals) = postSolution
		SolutionGuid = {0AA19115-717D-477B-B4F6-D4A020829BF6}
	EndGlobalSection
EndGlobal
